
Microsoft Visual Studio Solution File, Format Version 12.00
# Visual Studio 14
VisualStudioVersion = 14.0.22823.1
MinimumVisualStudioVersion = 10.0.40219.1
Project("{FAE04EC0-301F-11D3-BF4B-00C04F79EFBC}") = "screenCap", "screenCap\screenCap.csproj", "{CFA74D86-A69C-4C70-90E1-997A1586AE58}"
EndProject
Global
	GlobalSection(SolutionConfigurationPlatforms) = preSolution
		Debug|Any CPU = Debug|Any CPU
		Release|Any CPU = Release|Any CPU
	EndGlobalSection
	GlobalSection(ProjectConfigurationPlatforms) = postSolution
		{CFA74D86-A69C-4C70-90E1-997A1586AE58}.Debug|Any CPU.ActiveCfg = Debug|Any CPU
		{CFA74D86-A69C-4C70-90E1-997A1586AE58}.Debug|Any CPU.Build.0 = Debug|Any CPU
		{CFA74D86-A69C-4C70-90E1-997A1586AE58}.Release|Any CPU.ActiveCfg = Release|Any CPU
		{CFA74D86-A69C-4C70-90E1-997A1586AE58}.Release|Any CPU.Build.0 = Release|Any CPU
	EndGlobalSection
	GlobalSection(SolutionProperties) = preSolution
		HideSolutionNode = FALSE
	EndGlobalSection
EndGlobal
